
Microsoft Visual Studio Solution File, Format Version 12.00
# Visual Studio 15
VisualStudioVersion = 15.0.27130.2010
MinimumVisualStudioVersion = 10.0.40219.1
Project("{FAE04EC0-301F-11D3-BF4B-00C04F79EFBC}") = "CheckoutKata", "CheckoutKata\CheckoutKata.csproj", "{3DD60A7B-14DB-48C8-8FC0-971622705728}"
EndProject
Project("{FAE04EC0-301F-11D3-BF4B-00C04F79EFBC}") = "CheckoutKataTests", "CheckoutKataTests\CheckoutKataTests.csproj", "{D6CB801C-DAE2-4AC0-882B-93766BF05309}"
EndProject
Global
	GlobalSection(SolutionConfigurationPlatforms) = preSolution
		Debug|Any CPU = Debug|Any CPU
		Release|Any CPU = Release|Any CPU
	EndGlobalSection
	GlobalSection(ProjectConfigurationPlatforms) = postSolution
		{3DD60A7B-14DB-48C8-8FC0-971622705728}.Debug|Any CPU.ActiveCfg = Debug|Any CPU
		{3DD60A7B-14DB-48C8-8FC0-971622705728}.Debug|Any CPU.Build.0 = Debug|Any CPU
		{3DD60A7B-14DB-48C8-8FC0-971622705728}.Release|Any CPU.ActiveCfg = Release|Any CPU
		{3DD60A7B-14DB-48C8-8FC0-971622705728}.Release|Any CPU.Build.0 = Release|Any CPU
		{D6CB801C-DAE2-4AC0-882B-93766BF05309}.Debug|Any CPU.ActiveCfg = Debug|Any CPU
		{D6CB801C-DAE2-4AC0-882B-93766BF05309}.Debug|Any CPU.Build.0 = Debug|Any CPU
		{D6CB801C-DAE2-4AC0-882B-93766BF05309}.Release|Any CPU.ActiveCfg = Release|Any CPU
		{D6CB801C-DAE2-4AC0-882B-93766BF05309}.Release|Any CPU.Build.0 = Release|Any CPU
	EndGlobalSection
	GlobalSection(SolutionProperties) = preSolution
		HideSolutionNode = FALSE
	EndGlobalSection
	GlobalSection(ExtensibilityGlobals) = postSolution
		SolutionGuid = {8DD9D1E8-0845-4B87-8515-10124735A4ED}
	EndGlobalSection
EndGlobal
